
Microsoft Visual Studio Solution File, Format Version 12.00
# Visual Studio Version 16
VisualStudioVersion = 16.0.31205.134
MinimumVisualStudioVersion = 10.0.40219.1
Project("{9A19103F-16F7-4668-BE54-9A1E7A4F7556}") = "MyCountriesMap", "MyCountriesMap.csproj", "{128B6D4A-5DE6-46DC-B083-4AC49CD1E6DC}"
EndProject
Project("{9A19103F-16F7-4668-BE54-9A1E7A4F7556}") = "DataStore.EF", "..\DataStore.EF\DataStore.EF.csproj", "{EA86FE8F-BAD1-4B31-B50B-F3A7A737B2E2}"
EndProject
Project("{FAE04EC0-301F-11D3-BF4B-00C04F79EFBC}") = "CoreLayer", "..\CoreLayer\CoreLayer.csproj", "{BF906D94-3946-4E9B-AD4B-2ABC599A478C}"
EndProject
Global
	GlobalSection(SolutionConfigurationPlatforms) = preSolution
		Debug|Any CPU = Debug|Any CPU
		Release|Any CPU = Release|Any CPU
	EndGlobalSection
	GlobalSection(ProjectConfigurationPlatforms) = postSolution
		{128B6D4A-5DE6-46DC-B083-4AC49CD1E6DC}.Debug|Any CPU.ActiveCfg = Debug|Any CPU
		{128B6D4A-5DE6-46DC-B083-4AC49CD1E6DC}.Debug|Any CPU.Build.0 = Debug|Any CPU
		{128B6D4A-5DE6-46DC-B083-4AC49CD1E6DC}.Release|Any CPU.ActiveCfg = Release|Any CPU
		{128B6D4A-5DE6-46DC-B083-4AC49CD1E6DC}.Release|Any CPU.Build.0 = Release|Any CPU
		{EA86FE8F-BAD1-4B31-B50B-F3A7A737B2E2}.Debug|Any CPU.ActiveCfg = Debug|Any CPU
		{EA86FE8F-BAD1-4B31-B50B-F3A7A737B2E2}.Debug|Any CPU.Build.0 = Debug|Any CPU
		{EA86FE8F-BAD1-4B31-B50B-F3A7A737B2E2}.Release|Any CPU.ActiveCfg = Release|Any CPU
		{EA86FE8F-BAD1-4B31-B50B-F3A7A737B2E2}.Release|Any CPU.Build.0 = Release|Any CPU
		{BF906D94-3946-4E9B-AD4B-2ABC599A478C}.Debug|Any CPU.ActiveCfg = Debug|Any CPU
		{BF906D94-3946-4E9B-AD4B-2ABC599A478C}.Debug|Any CPU.Build.0 = Debug|Any CPU
		{BF906D94-3946-4E9B-AD4B-2ABC599A478C}.Release|Any CPU.ActiveCfg = Release|Any CPU
		{BF906D94-3946-4E9B-AD4B-2ABC599A478C}.Release|Any CPU.Build.0 = Release|Any CPU
	EndGlobalSection
	GlobalSection(SolutionProperties) = preSolution
		HideSolutionNode = FALSE
	EndGlobalSection
	GlobalSection(ExtensibilityGlobals) = postSolution
		SolutionGuid = {DD24E050-DAD2-4E27-93F0-83256FB75F3C}
	EndGlobalSection
EndGlobal
